
Microsoft Visual Studio Solution File, Format Version 12.00
# Visual Studio Version 16
VisualStudioVersion = 16.0.34407.143
MinimumVisualStudioVersion = 10.0.40219.1
Project("{FAE04EC0-301F-11D3-BF4B-00C04F79EFBC}") = "Example_Try", "Example_Try\Example_Try.csproj", "{9488CA6B-5BD3-4535-9337-3DEFDD6E28A9}"
EndProject
Global
	GlobalSection(SolutionConfigurationPlatforms) = preSolution
		Debug|Any CPU = Debug|Any CPU
		Release|Any CPU = Release|Any CPU
	EndGlobalSection
	GlobalSection(ProjectConfigurationPlatforms) = postSolution
		{9488CA6B-5BD3-4535-9337-3DEFDD6E28A9}.Debug|Any CPU.ActiveCfg = Debug|Any CPU
		{9488CA6B-5BD3-4535-9337-3DEFDD6E28A9}.Debug|Any CPU.Build.0 = Debug|Any CPU
		{9488CA6B-5BD3-4535-9337-3DEFDD6E28A9}.Release|Any CPU.ActiveCfg = Release|Any CPU
		{9488CA6B-5BD3-4535-9337-3DEFDD6E28A9}.Release|Any CPU.Build.0 = Release|Any CPU
	EndGlobalSection
	GlobalSection(SolutionProperties) = preSolution
		HideSolutionNode = FALSE
	EndGlobalSection
	GlobalSection(ExtensibilityGlobals) = postSolution
		SolutionGuid = {6E7F6722-1A27-48AD-B803-0DECECC6D39D}
	EndGlobalSection
EndGlobal
